PODS:
  - Alamofire (5.9.1)
  - CryptoSwift (1.8.4)
  - Flutter (1.0.0)
  - flutter_compass (0.0.1):
    - Flutter
  - flutter_local_notifications (0.0.1):
    - Flutter
  - flutter_native_splash (0.0.1):
    - Flutter
  - flutter_secure_storage (6.0.0):
    - Flutter
  - http_certificate_pinning (3.0.0):
    - Alamofire (~> 5.9.0)
    - CryptoSwift
    - Flutter
  - location (0.0.1):
    - Flutter
  - permission_handler_apple (9.3.0):
    - Flutter
  - vibration (3.0.0):
    - Flutter

DEPENDENCIES:
  - Flutter (from `Flutter`)
  - flutter_compass (from `.symlinks/plugins/flutter_compass/ios`)
  - flutter_local_notifications (from `.symlinks/plugins/flutter_local_notifications/ios`)
  - flutter_native_splash (from `.symlinks/plugins/flutter_native_splash/ios`)
  - flutter_secure_storage (from `.symlinks/plugins/flutter_secure_storage/ios`)
  - http_certificate_pinning (from `.symlinks/plugins/http_certificate_pinning/ios`)
  - location (from `.symlinks/plugins/location/ios`)
  - permission_handler_apple (from `.symlinks/plugins/permission_handler_apple/ios`)
  - vibration (from `.symlinks/plugins/vibration/ios`)

SPEC REPOS:
  trunk:
    - Alamofire
    - CryptoSwift

EXTERNAL SOURCES:
  Flutter:
    :path: Flutter
  flutter_compass:
    :path: ".symlinks/plugins/flutter_compass/ios"
  flutter_local_notifications:
    :path: ".symlinks/plugins/flutter_local_notifications/ios"
  flutter_native_splash:
    :path: ".symlinks/plugins/flutter_native_splash/ios"
  flutter_secure_storage:
    :path: ".symlinks/plugins/flutter_secure_storage/ios"
  http_certificate_pinning:
    :path: ".symlinks/plugins/http_certificate_pinning/ios"
  location:
    :path: ".symlinks/plugins/location/ios"
  permission_handler_apple:
    :path: ".symlinks/plugins/permission_handler_apple/ios"
  vibration:
    :path: ".symlinks/plugins/vibration/ios"

SPEC CHECKSUMS:
  Alamofire: f36a35757af4587d8e4f4bfa223ad10be2422b8c
  CryptoSwift: e64e11850ede528a02a0f3e768cec8e9d92ecb90
  Flutter: e0871f40cf51350855a761d2e70bf5af5b9b5de7
  flutter_compass: b236ab69b61545cce89fd58527f401a7587d5cc1
  flutter_local_notifications: 395056b3175ba4f08480a7c5de30cd36d69827e4
  flutter_native_splash: 9e672d3818957718ee006a491730c09deeecace9
  flutter_secure_storage: 1ed9476fba7e7a782b22888f956cce43e2c62f13
  http_certificate_pinning: 133f28ad5c2d1ecda2581dd2d2cd9dc74da59012
  location: 155caecf9da4f280ab5fe4a55f94ceccfab838f8
  permission_handler_apple: 4ed2196e43d0651e8ff7ca3483a069d469701f2d
  vibration: 69774ad57825b11c951ee4c46155f455d7a592ce

PODFILE CHECKSUM: 1fa73166d37a44e6b96d65d00eecdca7e7af66e2

COCOAPODS: 1.16.2
